
Microsoft Visual Studio Solution File, Format Version 12.00
# Visual Studio Version 16
VisualStudioVersion = 16.0.30517.126
MinimumVisualStudioVersion = 10.0.40219.1
Project("{8BC9CEB8-8B4A-11D0-8D11-00A0C91BC942}") = "glad", "glad\glad.vcxproj", "{AABCFBCA-277E-40A6-9352-CEA76825BA9C}"
EndProject
Project("{2150E333-8FDC-42A3-9474-1A3956D46DE8}") = "Dependencies", "Dependencies", "{B0AB9B90-958A-43E5-BFC0-CBD27998E184}"
EndProject
Project("{8BC9CEB8-8B4A-11D0-8D11-00A0C91BC942}") = "imgui", "imgui\imgui.vcxproj", "{005DB075-1744-438D-B882-B6AFBD35ABD4}"
EndProject
Project("{8BC9CEB8-8B4A-11D0-8D11-00A0C91BC942}") = "Walnut", "Walnut\Walnut.vcxproj", "{40945F58-B0AB-4656-8A79-C4D595B48AD3}"
EndProject
Project("{8BC9CEB8-8B4A-11D0-8D11-00A0C91BC942}") = "spdlog", "vendor\spdlog\spdlog.vcxproj", "{FD1EBB99-7CBF-3474-93D1-A51674028224}"
EndProject
Global
	GlobalSection(SolutionConfigurationPlatforms) = preSolution
		Debug|Win32 = Debug|Win32
		Debug|x64 = Debug|x64
		Debug|x86 = Debug|x86
		MinSizeRel|Win32 = MinSizeRel|Win32
		MinSizeRel|x64 = MinSizeRel|x64
		MinSizeRel|x86 = MinSizeRel|x86
		Release|Win32 = Release|Win32
		Release|x64 = Release|x64
		Release|x86 = Release|x86
		RelWithDebInfo|Win32 = RelWithDebInfo|Win32
		RelWithDebInfo|x64 = RelWithDebInfo|x64
		RelWithDebInfo|x86 = RelWithDebInfo|x86
		Test|Win32 = Test|Win32
		Test|x64 = Test|x64
		Test|x86 = Test|x86
		TestDebug|Win32 = TestDebug|Win32
		TestDebug|x64 = TestDebug|x64
		TestDebug|x86 = TestDebug|x86
		TestRelease|Win32 = TestRelease|Win32
		TestRelease|x64 = TestRelease|x64
		TestRelease|x86 = TestRelease|x86
	EndGlobalSection
	GlobalSection(ProjectConfigurationPlatforms) = postSolution
		{AABCFBCA-277E-40A6-9352-CEA76825BA9C}.Debug|Win32.ActiveCfg = Debug|Win32
		{AABCFBCA-277E-40A6-9352-CEA76825BA9C}.Debug|Win32.Build.0 = Debug|Win32
		{AABCFBCA-277E-40A6-9352-CEA76825BA9C}.Debug|x64.ActiveCfg = Debug|x64
		{AABCFBCA-277E-40A6-9352-CEA76825BA9C}.Debug|x64.Build.0 = Debug|x64
		{AABCFBCA-277E-40A6-9352-CEA76825BA9C}.Debug|x86.ActiveCfg = Debug|Win32
		{AABCFBCA-277E-40A6-9352-CEA76825BA9C}.Debug|x86.Build.0 = Debug|Win32
		{AABCFBCA-277E-40A6-9352-CEA76825BA9C}.MinSizeRel|Win32.ActiveCfg = TestDebug|Win32
		{AABCFBCA-277E-40A6-9352-CEA76825BA9C}.MinSizeRel|Win32.Build.0 = TestDebug|Win32
		{AABCFBCA-277E-40A6-9352-CEA76825BA9C}.MinSizeRel|x64.ActiveCfg = TestDebug|x64
		{AABCFBCA-277E-40A6-9352-CEA76825BA9C}.MinSizeRel|x64.Build.0 = TestDebug|x64
		{AABCFBCA-277E-40A6-9352-CEA76825BA9C}.MinSizeRel|x86.ActiveCfg = TestDebug|Win32
		{AABCFBCA-277E-40A6-9352-CEA76825BA9C}.MinSizeRel|x86.Build.0 = TestDebug|Win32
		{AABCFBCA-277E-40A6-9352-CEA76825BA9C}.Release|Win32.ActiveCfg = Release|Win32
		{AABCFBCA-277E-40A6-9352-CEA76825BA9C}.Release|Win32.Build.0 = Release|Win32
		{AABCFBCA-277E-40A6-9352-CEA76825BA9C}.Release|x64.ActiveCfg = Release|x64
		{AABCFBCA-277E-40A6-9352-CEA76825BA9C}.Release|x64.Build.0 = Release|x64
		{AABCFBCA-277E-40A6-9352-CEA76825BA9C}.Release|x86.ActiveCfg = Release|Win32
		{AABCFBCA-277E-40A6-9352-CEA76825BA9C}.Release|x86.Build.0 = Release|Win32
		{AABCFBCA-277E-40A6-9352-CEA76825BA9C}.RelWithDebInfo|Win32.ActiveCfg = Release|Win32
		{AABCFBCA-277E-40A6-9352-CEA76825BA9C}.RelWithDebInfo|Win32.Build.0 = Release|Win32
		{AABCFBCA-277E-40A6-9352-CEA76825BA9C}.RelWithDebInfo|x64.ActiveCfg = Release|x64
		{AABCFBCA-277E-40A6-9352-CEA76825BA9C}.RelWithDebInfo|x64.Build.0 = Release|x64
		{AABCFBCA-277E-40A6-9352-CEA76825BA9C}.RelWithDebInfo|x86.ActiveCfg = Release|Win32
		{AABCFBCA-277E-40A6-9352-CEA76825BA9C}.RelWithDebInfo|x86.Build.0 = Release|Win32
		{AABCFBCA-277E-40A6-9352-CEA76825BA9C}.Test|Win32.ActiveCfg = TestDebug|Win32
		{AABCFBCA-277E-40A6-9352-CEA76825BA9C}.Test|Win32.Build.0 = TestDebug|Win32
		{AABCFBCA-277E-40A6-9352-CEA76825BA9C}.Test|x64.ActiveCfg = TestDebug|x64
		{AABCFBCA-277E-40A6-9352-CEA76825BA9C}.Test|x64.Build.0 = TestDebug|x64
		{AABCFBCA-277E-40A6-9352-CEA76825BA9C}.Test|x86.ActiveCfg = TestDebug|Win32
		{AABCFBCA-277E-40A6-9352-CEA76825BA9C}.Test|x86.Build.0 = TestDebug|Win32
		{AABCFBCA-277E-40A6-9352-CEA76825BA9C}.TestDebug|Win32.ActiveCfg = TestDebug|Win32
		{AABCFBCA-277E-40A6-9352-CEA76825BA9C}.TestDebug|Win32.Build.0 = TestDebug|Win32
		{AABCFBCA-277E-40A6-9352-CEA76825BA9C}.TestDebug|x64.ActiveCfg = TestDebug|x64
		{AABCFBCA-277E-40A6-9352-CEA76825BA9C}.TestDebug|x64.Build.0 = TestDebug|x64
		{AABCFBCA-277E-40A6-9352-CEA76825BA9C}.TestDebug|x86.ActiveCfg = TestDebug|Win32
		{AABCFBCA-277E-40A6-9352-CEA76825BA9C}.TestDebug|x86.Build.0 = TestDebug|Win32
		{AABCFBCA-277E-40A6-9352-CEA76825BA9C}.TestRelease|Win32.ActiveCfg = Release|Win32
		{AABCFBCA-277E-40A6-9352-CEA76825BA9C}.TestRelease|Win32.Build.0 = Release|Win32
		{AABCFBCA-277E-40A6-9352-CEA76825BA9C}.TestRelease|x64.ActiveCfg = Release|x64
		{AABCFBCA-277E-40A6-9352-CEA76825BA9C}.TestRelease|x64.Build.0 = Release|x64
		{AABCFBCA-277E-40A6-9352-CEA76825BA9C}.TestRelease|x86.ActiveCfg = Release|Win32
		{AABCFBCA-277E-40A6-9352-CEA76825BA9C}.TestRelease|x86.Build.0 = Release|Win32
		{005DB075-1744-438D-B882-B6AFBD35ABD4}.Debug|Win32.ActiveCfg = Debug|Win32
		{005DB075-1744-438D-B882-B6AFBD35ABD4}.Debug|Win32.Build.0 = Debug|Win32
		{005DB075-1744-438D-B882-B6AFBD35ABD4}.Debug|x64.ActiveCfg = Debug|x64
		{005DB075-1744-438D-B882-B6AFBD35ABD4}.Debug|x64.Build.0 = Debug|x64
		{005DB075-1744-438D-B882-B6AFBD35ABD4}.Debug|x86.ActiveCfg = Debug|Win32
		{005DB075-1744-438D-B882-B6AFBD35ABD4}.Debug|x86.Build.0 = Debug|Win32
		{005DB075-1744-438D-B882-B6AFBD35ABD4}.MinSizeRel|Win32.ActiveCfg = TestDebug|Win32
		{005DB075-1744-438D-B882-B6AFBD35ABD4}.MinSizeRel|Win32.Build.0 = TestDebug|Win32
		{005DB075-1744-438D-B882-B6AFBD35ABD4}.MinSizeRel|x64.ActiveCfg = TestDebug|x64
		{005DB075-1744-438D-B882-B6AFBD35ABD4}.MinSizeRel|x64.Build.0 = TestDebug|x64
		{005DB075-1744-438D-B882-B6AFBD35ABD4}.MinSizeRel|x86.ActiveCfg = TestDebug|Win32
		{005DB075-1744-438D-B882-B6AFBD35ABD4}.MinSizeRel|x86.Build.0 = TestDebug|Win32
		{005DB075-1744-438D-B882-B6AFBD35ABD4}.Release|Win32.ActiveCfg = Release|Win32
		{005DB075-1744-438D-B882-B6AFBD35ABD4}.Release|Win32.Build.0 = Release|Win32
		{005DB075-1744-438D-B882-B6AFBD35ABD4}.Release|x64.ActiveCfg = Release|x64
		{005DB075-1744-438D-B882-B6AFBD35ABD4}.Release|x64.Build.0 = Release|x64
		{005DB075-1744-438D-B882-B6AFBD35ABD4}.Release|x86.ActiveCfg = Release|Win32
		{005DB075-1744-438D-B882-B6AFBD35ABD4}.Release|x86.Build.0 = Release|Win32
		{005DB075-1744-438D-B882-B6AFBD35ABD4}.RelWithDebInfo|Win32.ActiveCfg = Release|Win32
		{005DB075-1744-438D-B882-B6AFBD35ABD4}.RelWithDebInfo|Win32.Build.0 = Release|Win32
		{005DB075-1744-438D-B882-B6AFBD35ABD4}.RelWithDebInfo|x64.ActiveCfg = Release|x64
		{005DB075-1744-438D-B882-B6AFBD35ABD4}.RelWithDebInfo|x64.Build.0 = Release|x64
		{005DB075-1744-438D-B882-B6AFBD35ABD4}.RelWithDebInfo|x86.ActiveCfg = Release|Win32
		{005DB075-1744-438D-B882-B6AFBD35ABD4}.RelWithDebInfo|x86.Build.0 = Release|Win32
		{005DB075-1744-438D-B882-B6AFBD35ABD4}.Test|Win32.ActiveCfg = TestDebug|Win32
		{005DB075-1744-438D-B882-B6AFBD35ABD4}.Test|Win32.Build.0 = TestDebug|Win32
		{005DB075-1744-438D-B882-B6AFBD35ABD4}.Test|x64.ActiveCfg = TestDebug|x64
		{005DB075-1744-438D-B882-B6AFBD35ABD4}.Test|x64.Build.0 = TestDebug|x64
		{005DB075-1744-438D-B882-B6AFBD35ABD4}.Test|x86.ActiveCfg = TestDebug|Win32
		{005DB075-1744-438D-B882-B6AFBD35ABD4}.Test|x86.Build.0 = TestDebug|Win32
		{005DB075-1744-438D-B882-B6AFBD35ABD4}.TestDebug|Win32.ActiveCfg = TestDebug|Win32
		{005DB075-1744-438D-B882-B6AFBD35ABD4}.TestDebug|Win32.Build.0 = TestDebug|Win32
		{005DB075-1744-438D-B882-B6AFBD35ABD4}.TestDebug|x64.ActiveCfg = TestDebug|x64
		{005DB075-1744-438D-B882-B6AFBD35ABD4}.TestDebug|x64.Build.0 = TestDebug|x64
		{005DB075-1744-438D-B882-B6AFBD35ABD4}.TestDebug|x86.ActiveCfg = TestDebug|Win32
		{005DB075-1744-438D-B882-B6AFBD35ABD4}.TestDebug|x86.Build.0 = TestDebug|Win32
		{005DB075-1744-438D-B882-B6AFBD35ABD4}.TestRelease|Win32.ActiveCfg = Debug|Win32
		{005DB075-1744-438D-B882-B6AFBD35ABD4}.TestRelease|Win32.Build.0 = Debug|Win32
		{005DB075-1744-438D-B882-B6AFBD35ABD4}.TestRelease|x64.ActiveCfg = Debug|x64
		{005DB075-1744-438D-B882-B6AFBD35ABD4}.TestRelease|x64.Build.0 = Debug|x64
		{005DB075-1744-438D-B882-B6AFBD35ABD4}.TestRelease|x86.ActiveCfg = Debug|Win32
		{005DB075-1744-438D-B882-B6AFBD35ABD4}.TestRelease|x86.Build.0 = Debug|Win32
		{40945F58-B0AB-4656-8A79-C4D595B48AD3}.Debug|Win32.ActiveCfg = Debug|Win32
		{40945F58-B0AB-4656-8A79-C4D595B48AD3}.Debug|Win32.Build.0 = Debug|Win32
		{40945F58-B0AB-4656-8A79-C4D595B48AD3}.Debug|x64.ActiveCfg = Debug|x64
		{40945F58-B0AB-4656-8A79-C4D595B48AD3}.Debug|x64.Build.0 = Debug|x64
		{40945F58-B0AB-4656-8A79-C4D595B48AD3}.Debug|x86.ActiveCfg = Debug|Win32
		{40945F58-B0AB-4656-8A79-C4D595B48AD3}.Debug|x86.Build.0 = Debug|Win32
		{40945F58-B0AB-4656-8A79-C4D595B48AD3}.MinSizeRel|Win32.ActiveCfg = TestDebug|Win32
		{40945F58-B0AB-4656-8A79-C4D595B48AD3}.MinSizeRel|Win32.Build.0 = TestDebug|Win32
		{40945F58-B0AB-4656-8A79-C4D595B48AD3}.MinSizeRel|x64.ActiveCfg = TestDebug|x64
		{40945F58-B0AB-4656-8A79-C4D595B48AD3}.MinSizeRel|x64.Build.0 = TestDebug|x64
		{40945F58-B0AB-4656-8A79-C4D595B48AD3}.MinSizeRel|x86.ActiveCfg = TestDebug|Win32
		{40945F58-B0AB-4656-8A79-C4D595B48AD3}.MinSizeRel|x86.Build.0 = TestDebug|Win32
		{40945F58-B0AB-4656-8A79-C4D595B48AD3}.Release|Win32.ActiveCfg = Release|Win32
		{40945F58-B0AB-4656-8A79-C4D595B48AD3}.Release|Win32.Build.0 = Release|Win32
		{40945F58-B0AB-4656-8A79-C4D595B48AD3}.Release|x64.ActiveCfg = Release|x64
		{40945F58-B0AB-4656-8A79-C4D595B48AD3}.Release|x64.Build.0 = Release|x64
		{40945F58-B0AB-4656-8A79-C4D595B48AD3}.Release|x86.ActiveCfg = Release|Win32
		{40945F58-B0AB-4656-8A79-C4D595B48AD3}.Release|x86.Build.0 = Release|Win32
		{40945F58-B0AB-4656-8A79-C4D595B48AD3}.RelWithDebInfo|Win32.ActiveCfg = Release|Win32
		{40945F58-B0AB-4656-8A79-C4D595B48AD3}.RelWithDebInfo|Win32.Build.0 = Release|Win32
		{40945F58-B0AB-4656-8A79-C4D595B48AD3}.RelWithDebInfo|x64.ActiveCfg = Release|x64
		{40945F58-B0AB-4656-8A79-C4D595B48AD3}.RelWithDebInfo|x64.Build.0 = Release|x64
		{40945F58-B0AB-4656-8A79-C4D595B48AD3}.RelWithDebInfo|x86.ActiveCfg = Release|Win32
		{40945F58-B0AB-4656-8A79-C4D595B48AD3}.RelWithDebInfo|x86.Build.0 = Release|Win32
		{40945F58-B0AB-4656-8A79-C4D595B48AD3}.Test|Win32.ActiveCfg = Test|Win32
		{40945F58-B0AB-4656-8A79-C4D595B48AD3}.Test|Win32.Build.0 = Test|Win32
		{40945F58-B0AB-4656-8A79-C4D595B48AD3}.Test|x64.ActiveCfg = Test|x64
		{40945F58-B0AB-4656-8A79-C4D595B48AD3}.Test|x64.Build.0 = Test|x64
		{40945F58-B0AB-4656-8A79-C4D595B48AD3}.Test|x86.ActiveCfg = Test|Win32
		{40945F58-B0AB-4656-8A79-C4D595B48AD3}.Test|x86.Build.0 = Test|Win32
		{40945F58-B0AB-4656-8A79-C4D595B48AD3}.TestDebug|Win32.ActiveCfg = TestDebug|Win32
		{40945F58-B0AB-4656-8A79-C4D595B48AD3}.TestDebug|Win32.Build.0 = TestDebug|Win32
		{40945F58-B0AB-4656-8A79-C4D595B48AD3}.TestDebug|x64.ActiveCfg = TestDebug|x64
		{40945F58-B0AB-4656-8A79-C4D595B48AD3}.TestDebug|x64.Build.0 = TestDebug|x64
		{40945F58-B0AB-4656-8A79-C4D595B48AD3}.TestDebug|x86.ActiveCfg = TestDebug|Win32
		{40945F58-B0AB-4656-8A79-C4D595B48AD3}.TestDebug|x86.Build.0 = TestDebug|Win32
		{40945F58-B0AB-4656-8A79-C4D595B48AD3}.TestRelease|Win32.ActiveCfg = Release|Win32
		{40945F58-B0AB-4656-8A79-C4D595B48AD3}.TestRelease|Win32.Build.0 = Release|Win32
		{40945F58-B0AB-4656-8A79-C4D595B48AD3}.TestRelease|x64.ActiveCfg = Release|x64
		{40945F58-B0AB-4656-8A79-C4D595B48AD3}.TestRelease|x64.Build.0 = Release|x64
		{40945F58-B0AB-4656-8A79-C4D595B48AD3}.TestRelease|x86.ActiveCfg = Release|Win32
		{40945F58-B0AB-4656-8A79-C4D595B48AD3}.TestRelease|x86.Build.0 = Release|Win32
		{FD1EBB99-7CBF-3474-93D1-A51674028224}.Debug|Win32.ActiveCfg = Debug|x64
		{FD1EBB99-7CBF-3474-93D1-A51674028224}.Debug|x64.ActiveCfg = Debug|x64
		{FD1EBB99-7CBF-3474-93D1-A51674028224}.Debug|x64.Build.0 = Debug|x64
		{FD1EBB99-7CBF-3474-93D1-A51674028224}.Debug|x86.ActiveCfg = Debug|x64
		{FD1EBB99-7CBF-3474-93D1-A51674028224}.MinSizeRel|Win32.ActiveCfg = MinSizeRel|x64
		{FD1EBB99-7CBF-3474-93D1-A51674028224}.MinSizeRel|x64.ActiveCfg = MinSizeRel|x64
		{FD1EBB99-7CBF-3474-93D1-A51674028224}.MinSizeRel|x64.Build.0 = MinSizeRel|x64
		{FD1EBB99-7CBF-3474-93D1-A51674028224}.MinSizeRel|x86.ActiveCfg = MinSizeRel|x64
		{FD1EBB99-7CBF-3474-93D1-A51674028224}.Release|Win32.ActiveCfg = Release|x64
		{FD1EBB99-7CBF-3474-93D1-A51674028224}.Release|x64.ActiveCfg = Release|x64
		{FD1EBB99-7CBF-3474-93D1-A51674028224}.Release|x64.Build.0 = Release|x64
		{FD1EBB99-7CBF-3474-93D1-A51674028224}.Release|x86.ActiveCfg = Release|x64
		{FD1EBB99-7CBF-3474-93D1-A51674028224}.RelWithDebInfo|Win32.ActiveCfg = RelWithDebInfo|x64
		{FD1EBB99-7CBF-3474-93D1-A51674028224}.RelWithDebInfo|x64.ActiveCfg = RelWithDebInfo|x64
		{FD1EBB99-7CBF-3474-93D1-A51674028224}.RelWithDebInfo|x64.Build.0 = RelWithDebInfo|x64
		{FD1EBB99-7CBF-3474-93D1-A51674028224}.RelWithDebInfo|x86.ActiveCfg = RelWithDebInfo|x64
		{FD1EBB99-7CBF-3474-93D1-A51674028224}.Test|Win32.ActiveCfg = RelWithDebInfo|x64
		{FD1EBB99-7CBF-3474-93D1-A51674028224}.Test|Win32.Build.0 = RelWithDebInfo|x64
		{FD1EBB99-7CBF-3474-93D1-A51674028224}.Test|x64.ActiveCfg = RelWithDebInfo|x64
		{FD1EBB99-7CBF-3474-93D1-A51674028224}.Test|x64.Build.0 = RelWithDebInfo|x64
		{FD1EBB99-7CBF-3474-93D1-A51674028224}.Test|x86.ActiveCfg = RelWithDebInfo|x64
		{FD1EBB99-7CBF-3474-93D1-A51674028224}.Test|x86.Build.0 = RelWithDebInfo|x64
		{FD1EBB99-7CBF-3474-93D1-A51674028224}.TestDebug|Win32.ActiveCfg = RelWithDebInfo|x64
		{FD1EBB99-7CBF-3474-93D1-A51674028224}.TestDebug|Win32.Build.0 = RelWithDebInfo|x64
		{FD1EBB99-7CBF-3474-93D1-A51674028224}.TestDebug|x64.ActiveCfg = Debug|x64
		{FD1EBB99-7CBF-3474-93D1-A51674028224}.TestDebug|x64.Build.0 = Debug|x64
		{FD1EBB99-7CBF-3474-93D1-A51674028224}.TestDebug|x86.ActiveCfg = RelWithDebInfo|x64
		{FD1EBB99-7CBF-3474-93D1-A51674028224}.TestDebug|x86.Build.0 = RelWithDebInfo|x64
		{FD1EBB99-7CBF-3474-93D1-A51674028224}.TestRelease|Win32.ActiveCfg = RelWithDebInfo|x64
		{FD1EBB99-7CBF-3474-93D1-A51674028224}.TestRelease|Win32.Build.0 = RelWithDebInfo|x64
		{FD1EBB99-7CBF-3474-93D1-A51674028224}.TestRelease|x64.ActiveCfg = Release|x64
		{FD1EBB99-7CBF-3474-93D1-A51674028224}.TestRelease|x64.Build.0 = Release|x64
		{FD1EBB99-7CBF-3474-93D1-A51674028224}.TestRelease|x86.ActiveCfg = RelWithDebInfo|x64
		{FD1EBB99-7CBF-3474-93D1-A51674028224}.TestRelease|x86.Build.0 = RelWithDebInfo|x64
	EndGlobalSection
	GlobalSection(SolutionProperties) = preSolution
		HideSolutionNode = FALSE
	EndGlobalSection
	GlobalSection(NestedProjects) = preSolution
		{AABCFBCA-277E-40A6-9352-CEA76825BA9C} = {B0AB9B90-958A-43E5-BFC0-CBD27998E184}
		{005DB075-1744-438D-B882-B6AFBD35ABD4} = {B0AB9B90-958A-43E5-BFC0-CBD27998E184}
		{FD1EBB99-7CBF-3474-93D1-A51674028224} = {B0AB9B90-958A-43E5-BFC0-CBD27998E184}
	EndGlobalSection
	GlobalSection(ExtensibilityGlobals) = postSolution
		SolutionGuid = {216EC279-470E-4C66-9259-0E0416BA7E18}
	EndGlobalSection
EndGlobal
